
Microsoft Visual Studio Solution File, Format Version 12.00
# Visual Studio Version 16
VisualStudioVersion = 16.0.32228.343
MinimumVisualStudioVersion = 10.0.40219.1
Project("{FAE04EC0-301F-11D3-BF4B-00C04F79EFBC}") = "navigation.Android", "navigation.Android\navigation.Android.csproj", "{4BE6E791-6898-4FCE-B643-55A9EAA5013E}"
EndProject
Project("{FAE04EC0-301F-11D3-BF4B-00C04F79EFBC}") = "navigation", "navigation\navigation.csproj", "{A43E2BAF-933D-41CE-A15E-37138653DA7D}"
EndProject
Global
	GlobalSection(SolutionConfigurationPlatforms) = preSolution
		Debug|Any CPU = Debug|Any CPU
		Release|Any CPU = Release|Any CPU
	EndGlobalSection
	GlobalSection(ProjectConfigurationPlatforms) = postSolution
		{4BE6E791-6898-4FCE-B643-55A9EAA5013E}.Debug|Any CPU.ActiveCfg = Debug|Any CPU
		{4BE6E791-6898-4FCE-B643-55A9EAA5013E}.Debug|Any CPU.Build.0 = Debug|Any CPU
		{4BE6E791-6898-4FCE-B643-55A9EAA5013E}.Debug|Any CPU.Deploy.0 = Debug|Any CPU
		{4BE6E791-6898-4FCE-B643-55A9EAA5013E}.Release|Any CPU.ActiveCfg = Release|Any CPU
		{4BE6E791-6898-4FCE-B643-55A9EAA5013E}.Release|Any CPU.Build.0 = Release|Any CPU
		{4BE6E791-6898-4FCE-B643-55A9EAA5013E}.Release|Any CPU.Deploy.0 = Release|Any CPU
		{A43E2BAF-933D-41CE-A15E-37138653DA7D}.Debug|Any CPU.ActiveCfg = Debug|Any CPU
		{A43E2BAF-933D-41CE-A15E-37138653DA7D}.Debug|Any CPU.Build.0 = Debug|Any CPU
		{A43E2BAF-933D-41CE-A15E-37138653DA7D}.Debug|Any CPU.Deploy.0 = Debug|Any CPU
		{A43E2BAF-933D-41CE-A15E-37138653DA7D}.Release|Any CPU.ActiveCfg = Release|Any CPU
		{A43E2BAF-933D-41CE-A15E-37138653DA7D}.Release|Any CPU.Build.0 = Release|Any CPU
		{A43E2BAF-933D-41CE-A15E-37138653DA7D}.Release|Any CPU.Deploy.0 = Release|Any CPU
	EndGlobalSection
	GlobalSection(SolutionProperties) = preSolution
		HideSolutionNode = FALSE
	EndGlobalSection
	GlobalSection(ExtensibilityGlobals) = postSolution
		SolutionGuid = {C98005E5-E7F1-42CF-8BAC-4A3ACEB50C33}
	EndGlobalSection
EndGlobal
